
Microsoft Visual Studio Solution File, Format Version 12.00
# Visual Studio 15
VisualStudioVersion = 15.0.28307.102
MinimumVisualStudioVersion = 10.0.40219.1
Project("{FAE04EC0-301F-11D3-BF4B-00C04F79EFBC}") = "Accounting.Computer.Lib", "Accounting.Computer.Lib\Accounting.Computer.Lib.csproj", "{3A6EA300-E9E3-4819-A24E-800EC80FEB17}"
EndProject
Project("{FAE04EC0-301F-11D3-BF4B-00C04F79EFBC}") = "Accounting.Computer.Console", "Accounting.Computer.Console\Accounting.Computer.Console.csproj", "{72052C35-FEDB-4E8E-B48E-BF77B2EBC882}"
EndProject
Global
	GlobalSection(SolutionConfigurationPlatforms) = preSolution
		Debug|Any CPU = Debug|Any CPU
		Release|Any CPU = Release|Any CPU
	EndGlobalSection
	GlobalSection(ProjectConfigurationPlatforms) = postSolution
		{3A6EA300-E9E3-4819-A24E-800EC80FEB17}.Debug|Any CPU.ActiveCfg = Debug|Any CPU
		{3A6EA300-E9E3-4819-A24E-800EC80FEB17}.Debug|Any CPU.Build.0 = Debug|Any CPU
		{3A6EA300-E9E3-4819-A24E-800EC80FEB17}.Release|Any CPU.ActiveCfg = Release|Any CPU
		{3A6EA300-E9E3-4819-A24E-800EC80FEB17}.Release|Any CPU.Build.0 = Release|Any CPU
		{72052C35-FEDB-4E8E-B48E-BF77B2EBC882}.Debug|Any CPU.ActiveCfg = Debug|Any CPU
		{72052C35-FEDB-4E8E-B48E-BF77B2EBC882}.Debug|Any CPU.Build.0 = Debug|Any CPU
		{72052C35-FEDB-4E8E-B48E-BF77B2EBC882}.Release|Any CPU.ActiveCfg = Release|Any CPU
		{72052C35-FEDB-4E8E-B48E-BF77B2EBC882}.Release|Any CPU.Build.0 = Release|Any CPU
	EndGlobalSection
	GlobalSection(SolutionProperties) = preSolution
		HideSolutionNode = FALSE
	EndGlobalSection
	GlobalSection(ExtensibilityGlobals) = postSolution
		SolutionGuid = {59E8FF98-6826-4191-BFAA-2A556504D955}
	EndGlobalSection
EndGlobal
